schema: '2.0'
stages:
  prepare:
    cmd: python prepare.py --config configs/train.yaml
    deps:
    - path: prepare.py
      hash: md5
      md5: d4d3da80e8db6b006eb5105969038d9f
      size: 1008
    - path: src/data_processing.py
      hash: md5
      md5: 0f8b8882fb8c959d4dc58b1d05d4a37d
      size: 3651
    - path: src/utils.py
      hash: md5
      md5: a6352de288a3a0a351897747f63af01c
      size: 463
    outs:
    - path: data/prepared
      hash: md5
      md5: fda6db23002bbd7768b2587d558b9868.dir
      size: 4782131156
      nfiles: 14
  train:
    cmd: python train.py --config configs/train.yaml
    deps:
    - path: data/prepared
      hash: md5
      md5: fda6db23002bbd7768b2587d558b9868.dir
      size: 4782131156
      nfiles: 14
    - path: src/
      hash: md5
      md5: a4414d75d58cebfe00e1c0234d998207.dir
      size: 23317
      nfiles: 13
    - path: train.py
      hash: md5
      md5: 465ab5f9e16209213eb900c388ba6942
      size: 4032
    outs:
    - path: models/final_model
      hash: md5
      md5: 2daec9d4eec8d8a437661f120ef36e22.dir
      size: 9081680
      nfiles: 3
  evaluate:
    cmd: python evaluate.py --config configs/train.yaml
    deps:
    - path: data/prepared
      hash: md5
      md5: fda6db23002bbd7768b2587d558b9868.dir
      size: 4782131156
      nfiles: 14
    - path: evaluate.py
      hash: md5
      md5: 50e8451674ca5042a5819451b5408da3
      size: 2255
    - path: models/final_model
      hash: md5
      md5: 2daec9d4eec8d8a437661f120ef36e22.dir
      size: 9081680
      nfiles: 3
    - path: src/
      hash: md5
      md5: a4414d75d58cebfe00e1c0234d998207.dir
      size: 23317
      nfiles: 13
    outs:
    - path: reports/metrics.json
      hash: md5
      md5: ecdab889b1176e0b972c0c73256052c1
      size: 357
